
Microsoft Visual Studio Solution File, Format Version 12.00
Project("{FAE04EC0-301F-11D3-BF4B-00C04F79EFBC}") = "nbaData", "nbaData\nbaData.csproj", "{435E62F2-4A40-4B64-9E0E-0A712EF78E74}"
EndProject
Global
	GlobalSection(SolutionConfigurationPlatforms) = preSolution
		Debug|Any CPU = Debug|Any CPU
		Release|Any CPU = Release|Any CPU
	EndGlobalSection
	GlobalSection(ProjectConfigurationPlatforms) = postSolution
		{435E62F2-4A40-4B64-9E0E-0A712EF78E74}.Debug|Any CPU.ActiveCfg = Debug|Any CPU
		{435E62F2-4A40-4B64-9E0E-0A712EF78E74}.Debug|Any CPU.Build.0 = Debug|Any CPU
		{435E62F2-4A40-4B64-9E0E-0A712EF78E74}.Release|Any CPU.ActiveCfg = Release|Any CPU
		{435E62F2-4A40-4B64-9E0E-0A712EF78E74}.Release|Any CPU.Build.0 = Release|Any CPU
	EndGlobalSection
EndGlobal
